
Microsoft Visual Studio Solution File, Format Version 12.00
# Visual Studio Version 16
VisualStudioVersion = 16.0.29009.5
MinimumVisualStudioVersion = 10.0.40219.1
Project("{8BC9CEB8-8B4A-11D0-8D11-00A0C91BC942}") = "gpk", "..\gpk\gpk\gpk.vcxproj", "{39953D8D-A830-46BD-917E-1A96C8BDADC6}"
EndProject
Project("{8BC9CEB8-8B4A-11D0-8D11-00A0C91BC942}") = "llc", "..\gpk\llc\llc.vcxproj", "{830AB681-B788-47D4-9767-BA4E0792F682}"
EndProject
Project("{8BC9CEB8-8B4A-11D0-8D11-00A0C91BC942}") = "test_gpk_gui", "test_gpk_gui\test_gpk_gui.vcxproj", "{93CB8DE0-556D-4953-846B-28928F02376C}"
	ProjectSection(ProjectDependencies) = postProject
		{080A3A4C-284A-4A84-A71C-D08397D394FD} = {080A3A4C-284A-4A84-A71C-D08397D394FD}
		{830AB681-B788-47D4-9767-BA4E0792F682} = {830AB681-B788-47D4-9767-BA4E0792F682}
		{39953D8D-A830-46BD-917E-1A96C8BDADC6} = {39953D8D-A830-46BD-917E-1A96C8BDADC6}
		{8FD826F8-3739-44E6-8CC8-997122E53B8D} = {8FD826F8-3739-44E6-8CC8-997122E53B8D}
	EndProjectSection
EndProject
Project("{8BC9CEB8-8B4A-11D0-8D11-00A0C91BC942}") = "zlibvc", "..\zlib\contrib\vstudio\vc14\zlibvc.vcxproj", "{8FD826F8-3739-44E6-8CC8-997122E53B8D}"
EndProject
Project("{8BC9CEB8-8B4A-11D0-8D11-00A0C91BC942}") = "test_gpk_png", "test_gpk_png\test_gpk_png.vcxproj", "{B9842730-D253-4D70-860F-2685BC40C84E}"
	ProjectSection(ProjectDependencies) = postProject
		{830AB681-B788-47D4-9767-BA4E0792F682} = {830AB681-B788-47D4-9767-BA4E0792F682}
		{39953D8D-A830-46BD-917E-1A96C8BDADC6} = {39953D8D-A830-46BD-917E-1A96C8BDADC6}
		{8FD826F8-3739-44E6-8CC8-997122E53B8D} = {8FD826F8-3739-44E6-8CC8-997122E53B8D}
	EndProjectSection
EndProject
Project("{8BC9CEB8-8B4A-11D0-8D11-00A0C91BC942}") = "test_gpk_encoding", "test_gpk_encoding\test_gpk_encoding.vcxproj", "{B1821EF9-9723-4760-9105-60B7C11BB017}"
	ProjectSection(ProjectDependencies) = postProject
		{830AB681-B788-47D4-9767-BA4E0792F682} = {830AB681-B788-47D4-9767-BA4E0792F682}
		{39953D8D-A830-46BD-917E-1A96C8BDADC6} = {39953D8D-A830-46BD-917E-1A96C8BDADC6}
		{8FD826F8-3739-44E6-8CC8-997122E53B8D} = {8FD826F8-3739-44E6-8CC8-997122E53B8D}
	EndProjectSection
EndProject
Project("{8BC9CEB8-8B4A-11D0-8D11-00A0C91BC942}") = "test_udp_client", "test_udp_client\test_udp_client.vcxproj", "{D114BDE8-813B-405A-9CB0-E0573B2F1FB2}"
	ProjectSection(ProjectDependencies) = postProject
		{830AB681-B788-47D4-9767-BA4E0792F682} = {830AB681-B788-47D4-9767-BA4E0792F682}
		{39953D8D-A830-46BD-917E-1A96C8BDADC6} = {39953D8D-A830-46BD-917E-1A96C8BDADC6}
		{8FD826F8-3739-44E6-8CC8-997122E53B8D} = {8FD826F8-3739-44E6-8CC8-997122E53B8D}
	EndProjectSection
EndProject
Project("{8BC9CEB8-8B4A-11D0-8D11-00A0C91BC942}") = "test_udp_server", "test_udp_server\test_udp_server.vcxproj", "{96EF0104-3A1A-4748-B3BD-BF77DE6A54EE}"
	ProjectSection(ProjectDependencies) = postProject
		{830AB681-B788-47D4-9767-BA4E0792F682} = {830AB681-B788-47D4-9767-BA4E0792F682}
		{39953D8D-A830-46BD-917E-1A96C8BDADC6} = {39953D8D-A830-46BD-917E-1A96C8BDADC6}
		{8FD826F8-3739-44E6-8CC8-997122E53B8D} = {8FD826F8-3739-44E6-8CC8-997122E53B8D}
	EndProjectSection
EndProject
Project("{8BC9CEB8-8B4A-11D0-8D11-00A0C91BC942}") = "test_gpk_cube", "test_gpk_cube\test_gpk_cube.vcxproj", "{389664AC-A4E7-4137-9FF3-B9080E0DC0E6}"
	ProjectSection(ProjectDependencies) = postProject
		{830AB681-B788-47D4-9767-BA4E0792F682} = {830AB681-B788-47D4-9767-BA4E0792F682}
		{39953D8D-A830-46BD-917E-1A96C8BDADC6} = {39953D8D-A830-46BD-917E-1A96C8BDADC6}
		{8FD826F8-3739-44E6-8CC8-997122E53B8D} = {8FD826F8-3739-44E6-8CC8-997122E53B8D}
	EndProjectSection
EndProject
Project("{8BC9CEB8-8B4A-11D0-8D11-00A0C91BC942}") = "test_gpk_dialog", "test_gpk_dialog\test_gpk_dialog.vcxproj", "{9081B005-48A9-476A-83DA-3D76618715BF}"
	ProjectSection(ProjectDependencies) = postProject
		{830AB681-B788-47D4-9767-BA4E0792F682} = {830AB681-B788-47D4-9767-BA4E0792F682}
		{39953D8D-A830-46BD-917E-1A96C8BDADC6} = {39953D8D-A830-46BD-917E-1A96C8BDADC6}
		{8FD826F8-3739-44E6-8CC8-997122E53B8D} = {8FD826F8-3739-44E6-8CC8-997122E53B8D}
	EndProjectSection
EndProject
Project("{8BC9CEB8-8B4A-11D0-8D11-00A0C91BC942}") = "test_gpk_viewport", "test_gpk_viewport\test_gpk_viewport.vcxproj", "{BF115707-2B3F-4F71-B586-08386B28F377}"
	ProjectSection(ProjectDependencies) = postProject
		{080A3A4C-284A-4A84-A71C-D08397D394FD} = {080A3A4C-284A-4A84-A71C-D08397D394FD}
		{830AB681-B788-47D4-9767-BA4E0792F682} = {830AB681-B788-47D4-9767-BA4E0792F682}
		{39953D8D-A830-46BD-917E-1A96C8BDADC6} = {39953D8D-A830-46BD-917E-1A96C8BDADC6}
		{8FD826F8-3739-44E6-8CC8-997122E53B8D} = {8FD826F8-3739-44E6-8CC8-997122E53B8D}
	EndProjectSection
EndProject
Project("{8BC9CEB8-8B4A-11D0-8D11-00A0C91BC942}") = "test_gpk_lighting", "test_gpk_lighting\test_gpk_lighting.vcxproj", "{52A88661-AD2B-478A-837A-5A7962157DC1}"
	ProjectSection(ProjectDependencies) = postProject
		{080A3A4C-284A-4A84-A71C-D08397D394FD} = {080A3A4C-284A-4A84-A71C-D08397D394FD}
		{830AB681-B788-47D4-9767-BA4E0792F682} = {830AB681-B788-47D4-9767-BA4E0792F682}
		{39953D8D-A830-46BD-917E-1A96C8BDADC6} = {39953D8D-A830-46BD-917E-1A96C8BDADC6}
		{8FD826F8-3739-44E6-8CC8-997122E53B8D} = {8FD826F8-3739-44E6-8CC8-997122E53B8D}
	EndProjectSection
EndProject
Project("{8BC9CEB8-8B4A-11D0-8D11-00A0C91BC942}") = "test_gpk_gnd", "test_gpk_gnd\test_gpk_gnd.vcxproj", "{EB17B57E-3388-4885-898C-DAAB6B68E415}"
	ProjectSection(ProjectDependencies) = postProject
		{080A3A4C-284A-4A84-A71C-D08397D394FD} = {080A3A4C-284A-4A84-A71C-D08397D394FD}
		{830AB681-B788-47D4-9767-BA4E0792F682} = {830AB681-B788-47D4-9767-BA4E0792F682}
		{39953D8D-A830-46BD-917E-1A96C8BDADC6} = {39953D8D-A830-46BD-917E-1A96C8BDADC6}
		{8FD826F8-3739-44E6-8CC8-997122E53B8D} = {8FD826F8-3739-44E6-8CC8-997122E53B8D}
	EndProjectSection
EndProject
Project("{8BC9CEB8-8B4A-11D0-8D11-00A0C91BC942}") = "test_gontrill", "test_gontrill\test_gontrill.vcxproj", "{41D70575-AFAB-40F7-848B-01CEFABFCE47}"
	ProjectSection(ProjectDependencies) = postProject
		{830AB681-B788-47D4-9767-BA4E0792F682} = {830AB681-B788-47D4-9767-BA4E0792F682}
		{39953D8D-A830-46BD-917E-1A96C8BDADC6} = {39953D8D-A830-46BD-917E-1A96C8BDADC6}
		{8FD826F8-3739-44E6-8CC8-997122E53B8D} = {8FD826F8-3739-44E6-8CC8-997122E53B8D}
	EndProjectSection
EndProject
Project("{8BC9CEB8-8B4A-11D0-8D11-00A0C91BC942}") = "gpk_cgi_rt", "..\gpk\gpk_cgi_rt\gpk_cgi_rt.vcxproj", "{F211404A-FD89-4403-AB7E-D4CAA4A26605}"
	ProjectSection(ProjectDependencies) = postProject
		{830AB681-B788-47D4-9767-BA4E0792F682} = {830AB681-B788-47D4-9767-BA4E0792F682}
		{39953D8D-A830-46BD-917E-1A96C8BDADC6} = {39953D8D-A830-46BD-917E-1A96C8BDADC6}
	EndProjectSection
EndProject
Project("{8BC9CEB8-8B4A-11D0-8D11-00A0C91BC942}") = "test_gpk_db", "test_gpk_db\test_gpk_db.vcxproj", "{86043CCB-E05C-4989-98F3-4175076211B6}"
	ProjectSection(ProjectDependencies) = postProject
		{830AB681-B788-47D4-9767-BA4E0792F682} = {830AB681-B788-47D4-9767-BA4E0792F682}
		{39953D8D-A830-46BD-917E-1A96C8BDADC6} = {39953D8D-A830-46BD-917E-1A96C8BDADC6}
		{8FD826F8-3739-44E6-8CC8-997122E53B8D} = {8FD826F8-3739-44E6-8CC8-997122E53B8D}
	EndProjectSection
EndProject
Project("{8BC9CEB8-8B4A-11D0-8D11-00A0C91BC942}") = "test_gpk_json", "test_gpk_json\test_gpk_json.vcxproj", "{A90A4647-7D44-477C-A55D-D09FF4F1F5E5}"
	ProjectSection(ProjectDependencies) = postProject
		{830AB681-B788-47D4-9767-BA4E0792F682} = {830AB681-B788-47D4-9767-BA4E0792F682}
		{39953D8D-A830-46BD-917E-1A96C8BDADC6} = {39953D8D-A830-46BD-917E-1A96C8BDADC6}
	EndProjectSection
EndProject
Project("{8BC9CEB8-8B4A-11D0-8D11-00A0C91BC942}") = "gpk_build_cl", "gpk_build_cl\gpk_build_cl.vcxproj", "{0FC63421-47CB-4E48-963F-BBC4F1EC0099}"
	ProjectSection(ProjectDependencies) = postProject
		{830AB681-B788-47D4-9767-BA4E0792F682} = {830AB681-B788-47D4-9767-BA4E0792F682}
		{39953D8D-A830-46BD-917E-1A96C8BDADC6} = {39953D8D-A830-46BD-917E-1A96C8BDADC6}
		{8FD826F8-3739-44E6-8CC8-997122E53B8D} = {8FD826F8-3739-44E6-8CC8-997122E53B8D}
	EndProjectSection
EndProject
Project("{8BC9CEB8-8B4A-11D0-8D11-00A0C91BC942}") = "gpk_cgi_rest", "..\gpk\gpk_cgi_rest\gpk_cgi_rest.vcxproj", "{200F9CC5-F546-4E94-82AF-072648DBF55A}"
	ProjectSection(ProjectDependencies) = postProject
		{830AB681-B788-47D4-9767-BA4E0792F682} = {830AB681-B788-47D4-9767-BA4E0792F682}
		{39953D8D-A830-46BD-917E-1A96C8BDADC6} = {39953D8D-A830-46BD-917E-1A96C8BDADC6}
		{8FD826F8-3739-44E6-8CC8-997122E53B8D} = {8FD826F8-3739-44E6-8CC8-997122E53B8D}
	EndProjectSection
EndProject
Project("{8BC9CEB8-8B4A-11D0-8D11-00A0C91BC942}") = "klib_renewal", "klib_renewal\klib_renewal.vcxproj", "{86AFE1C6-A424-4AC4-9246-DB029CC942D6}"
EndProject
Project("{8BC9CEB8-8B4A-11D0-8D11-00A0C91BC942}") = "KitsuTBS", "KitsuTBS\KitsuTBS.vcxproj", "{61D5AC6E-492E-42B1-ADF5-57C550938602}"
	ProjectSection(ProjectDependencies) = postProject
		{830AB681-B788-47D4-9767-BA4E0792F682} = {830AB681-B788-47D4-9767-BA4E0792F682}
		{39953D8D-A830-46BD-917E-1A96C8BDADC6} = {39953D8D-A830-46BD-917E-1A96C8BDADC6}
		{86AFE1C6-A424-4AC4-9246-DB029CC942D6} = {86AFE1C6-A424-4AC4-9246-DB029CC942D6}
		{8FD826F8-3739-44E6-8CC8-997122E53B8D} = {8FD826F8-3739-44E6-8CC8-997122E53B8D}
	EndProjectSection
EndProject
Project("{8BC9CEB8-8B4A-11D0-8D11-00A0C91BC942}") = "KitsuRPG", "KitsuRPG\KitsuRPG.vcxproj", "{C0EE0B86-9A24-490A-B06D-BDC9059FB4CA}"
	ProjectSection(ProjectDependencies) = postProject
		{830AB681-B788-47D4-9767-BA4E0792F682} = {830AB681-B788-47D4-9767-BA4E0792F682}
		{39953D8D-A830-46BD-917E-1A96C8BDADC6} = {39953D8D-A830-46BD-917E-1A96C8BDADC6}
		{86AFE1C6-A424-4AC4-9246-DB029CC942D6} = {86AFE1C6-A424-4AC4-9246-DB029CC942D6}
		{8FD826F8-3739-44E6-8CC8-997122E53B8D} = {8FD826F8-3739-44E6-8CC8-997122E53B8D}
	EndProjectSection
EndProject
Project("{8BC9CEB8-8B4A-11D0-8D11-00A0C91BC942}") = "test_cgi_environ", "test_cgi_environ\test_cgi_environ.vcxproj", "{BB67B6E5-2BEF-4A7A-8A61-0D756B6F4FF5}"
	ProjectSection(ProjectDependencies) = postProject
		{830AB681-B788-47D4-9767-BA4E0792F682} = {830AB681-B788-47D4-9767-BA4E0792F682}
		{39953D8D-A830-46BD-917E-1A96C8BDADC6} = {39953D8D-A830-46BD-917E-1A96C8BDADC6}
		{8FD826F8-3739-44E6-8CC8-997122E53B8D} = {8FD826F8-3739-44E6-8CC8-997122E53B8D}
	EndProjectSection
EndProject
Project("{2150E333-8FDC-42A3-9474-1A3956D46DE8}") = "Solution Items", "Solution Items", "{16603433-F212-4BD8-AC36-042D7F44E8AA}"
	ProjectSection(SolutionItems) = preProject
		..\gpk\llc\copy_gpk_config.bat = ..\gpk\llc\copy_gpk_config.bat
		..\gpk\llc\gpk_config.json = ..\gpk\llc\gpk_config.json
	EndProjectSection
EndProject
Project("{8BC9CEB8-8B4A-11D0-8D11-00A0C91BC942}") = "http_client", "http_client\http_client.vcxproj", "{97953FD0-57DF-4E80-A5C3-4DDE9F9E91BA}"
	ProjectSection(ProjectDependencies) = postProject
		{830AB681-B788-47D4-9767-BA4E0792F682} = {830AB681-B788-47D4-9767-BA4E0792F682}
		{39953D8D-A830-46BD-917E-1A96C8BDADC6} = {39953D8D-A830-46BD-917E-1A96C8BDADC6}
		{8FD826F8-3739-44E6-8CC8-997122E53B8D} = {8FD826F8-3739-44E6-8CC8-997122E53B8D}
	EndProjectSection
EndProject
Project("{8BC9CEB8-8B4A-11D0-8D11-00A0C91BC942}") = "grt", "..\gpk\grt\grt.vcxproj", "{080A3A4C-284A-4A84-A71C-D08397D394FD}"
	ProjectSection(ProjectDependencies) = postProject
		{830AB681-B788-47D4-9767-BA4E0792F682} = {830AB681-B788-47D4-9767-BA4E0792F682}
		{8FD826F8-3739-44E6-8CC8-997122E53B8D} = {8FD826F8-3739-44E6-8CC8-997122E53B8D}
	EndProjectSection
EndProject
Project("{8BC9CEB8-8B4A-11D0-8D11-00A0C91BC942}") = "test_gpk_nn", "test_gpk_nn\test_gpk_nn.vcxproj", "{4EF106AC-012A-41B3-A19E-3BB45AC060DD}"
	ProjectSection(ProjectDependencies) = postProject
		{830AB681-B788-47D4-9767-BA4E0792F682} = {830AB681-B788-47D4-9767-BA4E0792F682}
		{39953D8D-A830-46BD-917E-1A96C8BDADC6} = {39953D8D-A830-46BD-917E-1A96C8BDADC6}
		{8FD826F8-3739-44E6-8CC8-997122E53B8D} = {8FD826F8-3739-44E6-8CC8-997122E53B8D}
	EndProjectSection
EndProject
Project("{8BC9CEB8-8B4A-11D0-8D11-00A0C91BC942}") = "ced_game", "ced_game\ced_game.vcxproj", "{B34882D7-485E-4401-AD05-12261F80FD1E}"
	ProjectSection(ProjectDependencies) = postProject
		{830AB681-B788-47D4-9767-BA4E0792F682} = {830AB681-B788-47D4-9767-BA4E0792F682}
		{39953D8D-A830-46BD-917E-1A96C8BDADC6} = {39953D8D-A830-46BD-917E-1A96C8BDADC6}
		{8FD826F8-3739-44E6-8CC8-997122E53B8D} = {8FD826F8-3739-44E6-8CC8-997122E53B8D}
	EndProjectSection
EndProject
Project("{8BC9CEB8-8B4A-11D0-8D11-00A0C91BC942}") = "test_gpk_solarsystem", "test_gpk_solarsystem\test_gpk_solarsystem.vcxproj", "{0944F2B3-1738-4D82-B990-4FE260BD37B3}"
	ProjectSection(ProjectDependencies) = postProject
		{830AB681-B788-47D4-9767-BA4E0792F682} = {830AB681-B788-47D4-9767-BA4E0792F682}
		{39953D8D-A830-46BD-917E-1A96C8BDADC6} = {39953D8D-A830-46BD-917E-1A96C8BDADC6}
		{8FD826F8-3739-44E6-8CC8-997122E53B8D} = {8FD826F8-3739-44E6-8CC8-997122E53B8D}
	EndProjectSection
EndProject
Project("{8BC9CEB8-8B4A-11D0-8D11-00A0C91BC942}") = "ced_vdop", "ced_vdop\ced_vdop.vcxproj", "{56C14827-EBAC-41A6-9136-30FC2BA83E48}"
	ProjectSection(ProjectDependencies) = postProject
		{080A3A4C-284A-4A84-A71C-D08397D394FD} = {080A3A4C-284A-4A84-A71C-D08397D394FD}
		{830AB681-B788-47D4-9767-BA4E0792F682} = {830AB681-B788-47D4-9767-BA4E0792F682}
		{39953D8D-A830-46BD-917E-1A96C8BDADC6} = {39953D8D-A830-46BD-917E-1A96C8BDADC6}
		{86AFE1C6-A424-4AC4-9246-DB029CC942D6} = {86AFE1C6-A424-4AC4-9246-DB029CC942D6}
		{8FD826F8-3739-44E6-8CC8-997122E53B8D} = {8FD826F8-3739-44E6-8CC8-997122E53B8D}
	EndProjectSection
EndProject
Project("{8BC9CEB8-8B4A-11D0-8D11-00A0C91BC942}") = "vdop_server_tactical", "vdop_server_tactical\vdop_server_tactical.vcxproj", "{B18C8F5D-113D-41F6-81F0-B8A8FF65AEAE}"
	ProjectSection(ProjectDependencies) = postProject
		{080A3A4C-284A-4A84-A71C-D08397D394FD} = {080A3A4C-284A-4A84-A71C-D08397D394FD}
		{830AB681-B788-47D4-9767-BA4E0792F682} = {830AB681-B788-47D4-9767-BA4E0792F682}
		{39953D8D-A830-46BD-917E-1A96C8BDADC6} = {39953D8D-A830-46BD-917E-1A96C8BDADC6}
		{86AFE1C6-A424-4AC4-9246-DB029CC942D6} = {86AFE1C6-A424-4AC4-9246-DB029CC942D6}
		{8FD826F8-3739-44E6-8CC8-997122E53B8D} = {8FD826F8-3739-44E6-8CC8-997122E53B8D}
	EndProjectSection
EndProject
Global
	GlobalSection(SolutionConfigurationPlatforms) = preSolution
		Debug|x64 = Debug|x64
		Debug|x86 = Debug|x86
		Release|x64 = Release|x64
		Release|x86 = Release|x86
	EndGlobalSection
	GlobalSection(ProjectConfigurationPlatforms) = postSolution
		{39953D8D-A830-46BD-917E-1A96C8BDADC6}.Debug|x64.ActiveCfg = Debug|x64
		{39953D8D-A830-46BD-917E-1A96C8BDADC6}.Debug|x64.Build.0 = Debug|x64
		{39953D8D-A830-46BD-917E-1A96C8BDADC6}.Debug|x86.ActiveCfg = Debug|Win32
		{39953D8D-A830-46BD-917E-1A96C8BDADC6}.Debug|x86.Build.0 = Debug|Win32
		{39953D8D-A830-46BD-917E-1A96C8BDADC6}.Release|x64.ActiveCfg = Release|x64
		{39953D8D-A830-46BD-917E-1A96C8BDADC6}.Release|x64.Build.0 = Release|x64
		{39953D8D-A830-46BD-917E-1A96C8BDADC6}.Release|x86.ActiveCfg = Release|Win32
		{39953D8D-A830-46BD-917E-1A96C8BDADC6}.Release|x86.Build.0 = Release|Win32
		{830AB681-B788-47D4-9767-BA4E0792F682}.Debug|x64.ActiveCfg = Debug|x64
		{830AB681-B788-47D4-9767-BA4E0792F682}.Debug|x64.Build.0 = Debug|x64
		{830AB681-B788-47D4-9767-BA4E0792F682}.Debug|x86.ActiveCfg = Debug|Win32
		{830AB681-B788-47D4-9767-BA4E0792F682}.Debug|x86.Build.0 = Debug|Win32
		{830AB681-B788-47D4-9767-BA4E0792F682}.Release|x64.ActiveCfg = Release|x64
		{830AB681-B788-47D4-9767-BA4E0792F682}.Release|x64.Build.0 = Release|x64
		{830AB681-B788-47D4-9767-BA4E0792F682}.Release|x86.ActiveCfg = Release|Win32
		{830AB681-B788-47D4-9767-BA4E0792F682}.Release|x86.Build.0 = Release|Win32
		{93CB8DE0-556D-4953-846B-28928F02376C}.Debug|x64.ActiveCfg = Debug|x64
		{93CB8DE0-556D-4953-846B-28928F02376C}.Debug|x64.Build.0 = Debug|x64
		{93CB8DE0-556D-4953-846B-28928F02376C}.Debug|x86.ActiveCfg = Debug|Win32
		{93CB8DE0-556D-4953-846B-28928F02376C}.Debug|x86.Build.0 = Debug|Win32
		{93CB8DE0-556D-4953-846B-28928F02376C}.Release|x64.ActiveCfg = Release|x64
		{93CB8DE0-556D-4953-846B-28928F02376C}.Release|x64.Build.0 = Release|x64
		{93CB8DE0-556D-4953-846B-28928F02376C}.Release|x86.ActiveCfg = Release|Win32
		{93CB8DE0-556D-4953-846B-28928F02376C}.Release|x86.Build.0 = Release|Win32
		{8FD826F8-3739-44E6-8CC8-997122E53B8D}.Debug|x64.ActiveCfg = Debug|x64
		{8FD826F8-3739-44E6-8CC8-997122E53B8D}.Debug|x64.Build.0 = Debug|x64
		{8FD826F8-3739-44E6-8CC8-997122E53B8D}.Debug|x86.ActiveCfg = Debug|Win32
		{8FD826F8-3739-44E6-8CC8-997122E53B8D}.Debug|x86.Build.0 = Debug|Win32
		{8FD826F8-3739-44E6-8CC8-997122E53B8D}.Release|x64.ActiveCfg = Release|x64
		{8FD826F8-3739-44E6-8CC8-997122E53B8D}.Release|x64.Build.0 = Release|x64
		{8FD826F8-3739-44E6-8CC8-997122E53B8D}.Release|x86.ActiveCfg = Release|Win32
		{8FD826F8-3739-44E6-8CC8-997122E53B8D}.Release|x86.Build.0 = Release|Win32
		{B9842730-D253-4D70-860F-2685BC40C84E}.Debug|x64.ActiveCfg = Debug|x64
		{B9842730-D253-4D70-860F-2685BC40C84E}.Debug|x64.Build.0 = Debug|x64
		{B9842730-D253-4D70-860F-2685BC40C84E}.Debug|x86.ActiveCfg = Debug|Win32
		{B9842730-D253-4D70-860F-2685BC40C84E}.Debug|x86.Build.0 = Debug|Win32
		{B9842730-D253-4D70-860F-2685BC40C84E}.Release|x64.ActiveCfg = Release|x64
		{B9842730-D253-4D70-860F-2685BC40C84E}.Release|x64.Build.0 = Release|x64
		{B9842730-D253-4D70-860F-2685BC40C84E}.Release|x86.ActiveCfg = Release|Win32
		{B9842730-D253-4D70-860F-2685BC40C84E}.Release|x86.Build.0 = Release|Win32
		{B1821EF9-9723-4760-9105-60B7C11BB017}.Debug|x64.ActiveCfg = Debug|x64
		{B1821EF9-9723-4760-9105-60B7C11BB017}.Debug|x64.Build.0 = Debug|x64
		{B1821EF9-9723-4760-9105-60B7C11BB017}.Debug|x86.ActiveCfg = Debug|Win32
		{B1821EF9-9723-4760-9105-60B7C11BB017}.Debug|x86.Build.0 = Debug|Win32
		{B1821EF9-9723-4760-9105-60B7C11BB017}.Release|x64.ActiveCfg = Release|x64
		{B1821EF9-9723-4760-9105-60B7C11BB017}.Release|x64.Build.0 = Release|x64
		{B1821EF9-9723-4760-9105-60B7C11BB017}.Release|x86.ActiveCfg = Release|Win32
		{B1821EF9-9723-4760-9105-60B7C11BB017}.Release|x86.Build.0 = Release|Win32
		{D114BDE8-813B-405A-9CB0-E0573B2F1FB2}.Debug|x64.ActiveCfg = Debug|x64
		{D114BDE8-813B-405A-9CB0-E0573B2F1FB2}.Debug|x64.Build.0 = Debug|x64
		{D114BDE8-813B-405A-9CB0-E0573B2F1FB2}.Debug|x86.ActiveCfg = Debug|Win32
		{D114BDE8-813B-405A-9CB0-E0573B2F1FB2}.Debug|x86.Build.0 = Debug|Win32
		{D114BDE8-813B-405A-9CB0-E0573B2F1FB2}.Release|x64.ActiveCfg = Release|x64
		{D114BDE8-813B-405A-9CB0-E0573B2F1FB2}.Release|x64.Build.0 = Release|x64
		{D114BDE8-813B-405A-9CB0-E0573B2F1FB2}.Release|x86.ActiveCfg = Release|Win32
		{D114BDE8-813B-405A-9CB0-E0573B2F1FB2}.Release|x86.Build.0 = Release|Win32
		{96EF0104-3A1A-4748-B3BD-BF77DE6A54EE}.Debug|x64.ActiveCfg = Debug|x64
		{96EF0104-3A1A-4748-B3BD-BF77DE6A54EE}.Debug|x64.Build.0 = Debug|x64
		{96EF0104-3A1A-4748-B3BD-BF77DE6A54EE}.Debug|x86.ActiveCfg = Debug|Win32
		{96EF0104-3A1A-4748-B3BD-BF77DE6A54EE}.Debug|x86.Build.0 = Debug|Win32
		{96EF0104-3A1A-4748-B3BD-BF77DE6A54EE}.Release|x64.ActiveCfg = Release|x64
		{96EF0104-3A1A-4748-B3BD-BF77DE6A54EE}.Release|x64.Build.0 = Release|x64
		{96EF0104-3A1A-4748-B3BD-BF77DE6A54EE}.Release|x86.ActiveCfg = Release|Win32
		{96EF0104-3A1A-4748-B3BD-BF77DE6A54EE}.Release|x86.Build.0 = Release|Win32
		{389664AC-A4E7-4137-9FF3-B9080E0DC0E6}.Debug|x64.ActiveCfg = Debug|x64
		{389664AC-A4E7-4137-9FF3-B9080E0DC0E6}.Debug|x64.Build.0 = Debug|x64
		{389664AC-A4E7-4137-9FF3-B9080E0DC0E6}.Debug|x86.ActiveCfg = Debug|Win32
		{389664AC-A4E7-4137-9FF3-B9080E0DC0E6}.Debug|x86.Build.0 = Debug|Win32
		{389664AC-A4E7-4137-9FF3-B9080E0DC0E6}.Release|x64.ActiveCfg = Release|x64
		{389664AC-A4E7-4137-9FF3-B9080E0DC0E6}.Release|x64.Build.0 = Release|x64
		{389664AC-A4E7-4137-9FF3-B9080E0DC0E6}.Release|x86.ActiveCfg = Release|Win32
		{389664AC-A4E7-4137-9FF3-B9080E0DC0E6}.Release|x86.Build.0 = Release|Win32
		{9081B005-48A9-476A-83DA-3D76618715BF}.Debug|x64.ActiveCfg = Debug|x64
		{9081B005-48A9-476A-83DA-3D76618715BF}.Debug|x64.Build.0 = Debug|x64
		{9081B005-48A9-476A-83DA-3D76618715BF}.Debug|x86.ActiveCfg = Debug|Win32
		{9081B005-48A9-476A-83DA-3D76618715BF}.Debug|x86.Build.0 = Debug|Win32
		{9081B005-48A9-476A-83DA-3D76618715BF}.Release|x64.ActiveCfg = Release|x64
		{9081B005-48A9-476A-83DA-3D76618715BF}.Release|x64.Build.0 = Release|x64
		{9081B005-48A9-476A-83DA-3D76618715BF}.Release|x86.ActiveCfg = Release|Win32
		{9081B005-48A9-476A-83DA-3D76618715BF}.Release|x86.Build.0 = Release|Win32
		{BF115707-2B3F-4F71-B586-08386B28F377}.Debug|x64.ActiveCfg = Debug|x64
		{BF115707-2B3F-4F71-B586-08386B28F377}.Debug|x64.Build.0 = Debug|x64
		{BF115707-2B3F-4F71-B586-08386B28F377}.Debug|x86.ActiveCfg = Debug|Win32
		{BF115707-2B3F-4F71-B586-08386B28F377}.Debug|x86.Build.0 = Debug|Win32
		{BF115707-2B3F-4F71-B586-08386B28F377}.Release|x64.ActiveCfg = Release|x64
		{BF115707-2B3F-4F71-B586-08386B28F377}.Release|x64.Build.0 = Release|x64
		{BF115707-2B3F-4F71-B586-08386B28F377}.Release|x86.ActiveCfg = Release|Win32
		{BF115707-2B3F-4F71-B586-08386B28F377}.Release|x86.Build.0 = Release|Win32
		{52A88661-AD2B-478A-837A-5A7962157DC1}.Debug|x64.ActiveCfg = Debug|x64
		{52A88661-AD2B-478A-837A-5A7962157DC1}.Debug|x64.Build.0 = Debug|x64
		{52A88661-AD2B-478A-837A-5A7962157DC1}.Debug|x86.ActiveCfg = Debug|Win32
		{52A88661-AD2B-478A-837A-5A7962157DC1}.Debug|x86.Build.0 = Debug|Win32
		{52A88661-AD2B-478A-837A-5A7962157DC1}.Release|x64.ActiveCfg = Release|x64
		{52A88661-AD2B-478A-837A-5A7962157DC1}.Release|x64.Build.0 = Release|x64
		{52A88661-AD2B-478A-837A-5A7962157DC1}.Release|x86.ActiveCfg = Release|Win32
		{52A88661-AD2B-478A-837A-5A7962157DC1}.Release|x86.Build.0 = Release|Win32
		{EB17B57E-3388-4885-898C-DAAB6B68E415}.Debug|x64.ActiveCfg = Debug|x64
		{EB17B57E-3388-4885-898C-DAAB6B68E415}.Debug|x64.Build.0 = Debug|x64
		{EB17B57E-3388-4885-898C-DAAB6B68E415}.Debug|x86.ActiveCfg = Debug|Win32
		{EB17B57E-3388-4885-898C-DAAB6B68E415}.Debug|x86.Build.0 = Debug|Win32
		{EB17B57E-3388-4885-898C-DAAB6B68E415}.Release|x64.ActiveCfg = Release|x64
		{EB17B57E-3388-4885-898C-DAAB6B68E415}.Release|x64.Build.0 = Release|x64
		{EB17B57E-3388-4885-898C-DAAB6B68E415}.Release|x86.ActiveCfg = Release|Win32
		{EB17B57E-3388-4885-898C-DAAB6B68E415}.Release|x86.Build.0 = Release|Win32
		{41D70575-AFAB-40F7-848B-01CEFABFCE47}.Debug|x64.ActiveCfg = Debug|x64
		{41D70575-AFAB-40F7-848B-01CEFABFCE47}.Debug|x64.Build.0 = Debug|x64
		{41D70575-AFAB-40F7-848B-01CEFABFCE47}.Debug|x86.ActiveCfg = Debug|Win32
		{41D70575-AFAB-40F7-848B-01CEFABFCE47}.Debug|x86.Build.0 = Debug|Win32
		{41D70575-AFAB-40F7-848B-01CEFABFCE47}.Release|x64.ActiveCfg = Release|x64
		{41D70575-AFAB-40F7-848B-01CEFABFCE47}.Release|x64.Build.0 = Release|x64
		{41D70575-AFAB-40F7-848B-01CEFABFCE47}.Release|x86.ActiveCfg = Release|Win32
		{41D70575-AFAB-40F7-848B-01CEFABFCE47}.Release|x86.Build.0 = Release|Win32
		{F211404A-FD89-4403-AB7E-D4CAA4A26605}.Debug|x64.ActiveCfg = Debug|x64
		{F211404A-FD89-4403-AB7E-D4CAA4A26605}.Debug|x64.Build.0 = Debug|x64
		{F211404A-FD89-4403-AB7E-D4CAA4A26605}.Debug|x86.ActiveCfg = Debug|Win32
		{F211404A-FD89-4403-AB7E-D4CAA4A26605}.Debug|x86.Build.0 = Debug|Win32
		{F211404A-FD89-4403-AB7E-D4CAA4A26605}.Release|x64.ActiveCfg = Release|x64
		{F211404A-FD89-4403-AB7E-D4CAA4A26605}.Release|x64.Build.0 = Release|x64
		{F211404A-FD89-4403-AB7E-D4CAA4A26605}.Release|x86.ActiveCfg = Release|Win32
		{F211404A-FD89-4403-AB7E-D4CAA4A26605}.Release|x86.Build.0 = Release|Win32
		{86043CCB-E05C-4989-98F3-4175076211B6}.Debug|x64.ActiveCfg = Debug|x64
		{86043CCB-E05C-4989-98F3-4175076211B6}.Debug|x64.Build.0 = Debug|x64
		{86043CCB-E05C-4989-98F3-4175076211B6}.Debug|x86.ActiveCfg = Debug|Win32
		{86043CCB-E05C-4989-98F3-4175076211B6}.Debug|x86.Build.0 = Debug|Win32
		{86043CCB-E05C-4989-98F3-4175076211B6}.Release|x64.ActiveCfg = Release|x64
		{86043CCB-E05C-4989-98F3-4175076211B6}.Release|x64.Build.0 = Release|x64
		{86043CCB-E05C-4989-98F3-4175076211B6}.Release|x86.ActiveCfg = Release|Win32
		{86043CCB-E05C-4989-98F3-4175076211B6}.Release|x86.Build.0 = Release|Win32
		{A90A4647-7D44-477C-A55D-D09FF4F1F5E5}.Debug|x64.ActiveCfg = Debug|x64
		{A90A4647-7D44-477C-A55D-D09FF4F1F5E5}.Debug|x64.Build.0 = Debug|x64
		{A90A4647-7D44-477C-A55D-D09FF4F1F5E5}.Debug|x86.ActiveCfg = Debug|Win32
		{A90A4647-7D44-477C-A55D-D09FF4F1F5E5}.Debug|x86.Build.0 = Debug|Win32
		{A90A4647-7D44-477C-A55D-D09FF4F1F5E5}.Release|x64.ActiveCfg = Release|x64
		{A90A4647-7D44-477C-A55D-D09FF4F1F5E5}.Release|x64.Build.0 = Release|x64
		{A90A4647-7D44-477C-A55D-D09FF4F1F5E5}.Release|x86.ActiveCfg = Release|Win32
		{A90A4647-7D44-477C-A55D-D09FF4F1F5E5}.Release|x86.Build.0 = Release|Win32
		{0FC63421-47CB-4E48-963F-BBC4F1EC0099}.Debug|x64.ActiveCfg = Debug|x64
		{0FC63421-47CB-4E48-963F-BBC4F1EC0099}.Debug|x64.Build.0 = Debug|x64
		{0FC63421-47CB-4E48-963F-BBC4F1EC0099}.Debug|x86.ActiveCfg = Debug|Win32
		{0FC63421-47CB-4E48-963F-BBC4F1EC0099}.Debug|x86.Build.0 = Debug|Win32
		{0FC63421-47CB-4E48-963F-BBC4F1EC0099}.Release|x64.ActiveCfg = Release|x64
		{0FC63421-47CB-4E48-963F-BBC4F1EC0099}.Release|x64.Build.0 = Release|x64
		{0FC63421-47CB-4E48-963F-BBC4F1EC0099}.Release|x86.ActiveCfg = Release|Win32
		{0FC63421-47CB-4E48-963F-BBC4F1EC0099}.Release|x86.Build.0 = Release|Win32
		{200F9CC5-F546-4E94-82AF-072648DBF55A}.Debug|x64.ActiveCfg = Debug|x64
		{200F9CC5-F546-4E94-82AF-072648DBF55A}.Debug|x64.Build.0 = Debug|x64
		{200F9CC5-F546-4E94-82AF-072648DBF55A}.Debug|x86.ActiveCfg = Debug|Win32
		{200F9CC5-F546-4E94-82AF-072648DBF55A}.Debug|x86.Build.0 = Debug|Win32
		{200F9CC5-F546-4E94-82AF-072648DBF55A}.Release|x64.ActiveCfg = Release|x64
		{200F9CC5-F546-4E94-82AF-072648DBF55A}.Release|x64.Build.0 = Release|x64
		{200F9CC5-F546-4E94-82AF-072648DBF55A}.Release|x86.ActiveCfg = Release|Win32
		{200F9CC5-F546-4E94-82AF-072648DBF55A}.Release|x86.Build.0 = Release|Win32
		{86AFE1C6-A424-4AC4-9246-DB029CC942D6}.Debug|x64.ActiveCfg = Debug|x64
		{86AFE1C6-A424-4AC4-9246-DB029CC942D6}.Debug|x64.Build.0 = Debug|x64
		{86AFE1C6-A424-4AC4-9246-DB029CC942D6}.Debug|x86.ActiveCfg = Debug|Win32
		{86AFE1C6-A424-4AC4-9246-DB029CC942D6}.Debug|x86.Build.0 = Debug|Win32
		{86AFE1C6-A424-4AC4-9246-DB029CC942D6}.Release|x64.ActiveCfg = Release|x64
		{86AFE1C6-A424-4AC4-9246-DB029CC942D6}.Release|x64.Build.0 = Release|x64
		{86AFE1C6-A424-4AC4-9246-DB029CC942D6}.Release|x86.ActiveCfg = Release|Win32
		{86AFE1C6-A424-4AC4-9246-DB029CC942D6}.Release|x86.Build.0 = Release|Win32
		{61D5AC6E-492E-42B1-ADF5-57C550938602}.Debug|x64.ActiveCfg = Debug|x64
		{61D5AC6E-492E-42B1-ADF5-57C550938602}.Debug|x64.Build.0 = Debug|x64
		{61D5AC6E-492E-42B1-ADF5-57C550938602}.Debug|x86.ActiveCfg = Debug|Win32
		{61D5AC6E-492E-42B1-ADF5-57C550938602}.Debug|x86.Build.0 = Debug|Win32
		{61D5AC6E-492E-42B1-ADF5-57C550938602}.Release|x64.ActiveCfg = Release|x64
		{61D5AC6E-492E-42B1-ADF5-57C550938602}.Release|x64.Build.0 = Release|x64
		{61D5AC6E-492E-42B1-ADF5-57C550938602}.Release|x86.ActiveCfg = Release|Win32
		{61D5AC6E-492E-42B1-ADF5-57C550938602}.Release|x86.Build.0 = Release|Win32
		{C0EE0B86-9A24-490A-B06D-BDC9059FB4CA}.Debug|x64.ActiveCfg = Debug|x64
		{C0EE0B86-9A24-490A-B06D-BDC9059FB4CA}.Debug|x64.Build.0 = Debug|x64
		{C0EE0B86-9A24-490A-B06D-BDC9059FB4CA}.Debug|x86.ActiveCfg = Debug|Win32
		{C0EE0B86-9A24-490A-B06D-BDC9059FB4CA}.Debug|x86.Build.0 = Debug|Win32
		{C0EE0B86-9A24-490A-B06D-BDC9059FB4CA}.Release|x64.ActiveCfg = Release|x64
		{C0EE0B86-9A24-490A-B06D-BDC9059FB4CA}.Release|x64.Build.0 = Release|x64
		{C0EE0B86-9A24-490A-B06D-BDC9059FB4CA}.Release|x86.ActiveCfg = Release|Win32
		{C0EE0B86-9A24-490A-B06D-BDC9059FB4CA}.Release|x86.Build.0 = Release|Win32
		{BB67B6E5-2BEF-4A7A-8A61-0D756B6F4FF5}.Debug|x64.ActiveCfg = Debug|x64
		{BB67B6E5-2BEF-4A7A-8A61-0D756B6F4FF5}.Debug|x64.Build.0 = Debug|x64
		{BB67B6E5-2BEF-4A7A-8A61-0D756B6F4FF5}.Debug|x86.ActiveCfg = Debug|Win32
		{BB67B6E5-2BEF-4A7A-8A61-0D756B6F4FF5}.Debug|x86.Build.0 = Debug|Win32
		{BB67B6E5-2BEF-4A7A-8A61-0D756B6F4FF5}.Release|x64.ActiveCfg = Release|x64
		{BB67B6E5-2BEF-4A7A-8A61-0D756B6F4FF5}.Release|x64.Build.0 = Release|x64
		{BB67B6E5-2BEF-4A7A-8A61-0D756B6F4FF5}.Release|x86.ActiveCfg = Release|Win32
		{BB67B6E5-2BEF-4A7A-8A61-0D756B6F4FF5}.Release|x86.Build.0 = Release|Win32
		{97953FD0-57DF-4E80-A5C3-4DDE9F9E91BA}.Debug|x64.ActiveCfg = Debug|x64
		{97953FD0-57DF-4E80-A5C3-4DDE9F9E91BA}.Debug|x64.Build.0 = Debug|x64
		{97953FD0-57DF-4E80-A5C3-4DDE9F9E91BA}.Debug|x86.ActiveCfg = Debug|Win32
		{97953FD0-57DF-4E80-A5C3-4DDE9F9E91BA}.Debug|x86.Build.0 = Debug|Win32
		{97953FD0-57DF-4E80-A5C3-4DDE9F9E91BA}.Release|x64.ActiveCfg = Release|x64
		{97953FD0-57DF-4E80-A5C3-4DDE9F9E91BA}.Release|x64.Build.0 = Release|x64
		{97953FD0-57DF-4E80-A5C3-4DDE9F9E91BA}.Release|x86.ActiveCfg = Release|Win32
		{97953FD0-57DF-4E80-A5C3-4DDE9F9E91BA}.Release|x86.Build.0 = Release|Win32
		{080A3A4C-284A-4A84-A71C-D08397D394FD}.Debug|x64.ActiveCfg = Debug|x64
		{080A3A4C-284A-4A84-A71C-D08397D394FD}.Debug|x64.Build.0 = Debug|x64
		{080A3A4C-284A-4A84-A71C-D08397D394FD}.Debug|x86.ActiveCfg = Debug|Win32
		{080A3A4C-284A-4A84-A71C-D08397D394FD}.Debug|x86.Build.0 = Debug|Win32
		{080A3A4C-284A-4A84-A71C-D08397D394FD}.Release|x64.ActiveCfg = Release|x64
		{080A3A4C-284A-4A84-A71C-D08397D394FD}.Release|x64.Build.0 = Release|x64
		{080A3A4C-284A-4A84-A71C-D08397D394FD}.Release|x86.ActiveCfg = Release|Win32
		{080A3A4C-284A-4A84-A71C-D08397D394FD}.Release|x86.Build.0 = Release|Win32
		{4EF106AC-012A-41B3-A19E-3BB45AC060DD}.Debug|x64.ActiveCfg = Debug|x64
		{4EF106AC-012A-41B3-A19E-3BB45AC060DD}.Debug|x64.Build.0 = Debug|x64
		{4EF106AC-012A-41B3-A19E-3BB45AC060DD}.Debug|x86.ActiveCfg = Debug|Win32
		{4EF106AC-012A-41B3-A19E-3BB45AC060DD}.Debug|x86.Build.0 = Debug|Win32
		{4EF106AC-012A-41B3-A19E-3BB45AC060DD}.Release|x64.ActiveCfg = Release|x64
		{4EF106AC-012A-41B3-A19E-3BB45AC060DD}.Release|x64.Build.0 = Release|x64
		{4EF106AC-012A-41B3-A19E-3BB45AC060DD}.Release|x86.ActiveCfg = Release|Win32
		{4EF106AC-012A-41B3-A19E-3BB45AC060DD}.Release|x86.Build.0 = Release|Win32
		{B34882D7-485E-4401-AD05-12261F80FD1E}.Debug|x64.ActiveCfg = Debug|x64
		{B34882D7-485E-4401-AD05-12261F80FD1E}.Debug|x64.Build.0 = Debug|x64
		{B34882D7-485E-4401-AD05-12261F80FD1E}.Debug|x86.ActiveCfg = Debug|Win32
		{B34882D7-485E-4401-AD05-12261F80FD1E}.Debug|x86.Build.0 = Debug|Win32
		{B34882D7-485E-4401-AD05-12261F80FD1E}.Release|x64.ActiveCfg = Release|x64
		{B34882D7-485E-4401-AD05-12261F80FD1E}.Release|x64.Build.0 = Release|x64
		{B34882D7-485E-4401-AD05-12261F80FD1E}.Release|x86.ActiveCfg = Release|Win32
		{B34882D7-485E-4401-AD05-12261F80FD1E}.Release|x86.Build.0 = Release|Win32
		{0944F2B3-1738-4D82-B990-4FE260BD37B3}.Debug|x64.ActiveCfg = Debug|x64
		{0944F2B3-1738-4D82-B990-4FE260BD37B3}.Debug|x64.Build.0 = Debug|x64
		{0944F2B3-1738-4D82-B990-4FE260BD37B3}.Debug|x86.ActiveCfg = Debug|Win32
		{0944F2B3-1738-4D82-B990-4FE260BD37B3}.Debug|x86.Build.0 = Debug|Win32
		{0944F2B3-1738-4D82-B990-4FE260BD37B3}.Release|x64.ActiveCfg = Release|x64
		{0944F2B3-1738-4D82-B990-4FE260BD37B3}.Release|x64.Build.0 = Release|x64
		{0944F2B3-1738-4D82-B990-4FE260BD37B3}.Release|x86.ActiveCfg = Release|Win32
		{0944F2B3-1738-4D82-B990-4FE260BD37B3}.Release|x86.Build.0 = Release|Win32
		{56C14827-EBAC-41A6-9136-30FC2BA83E48}.Debug|x64.ActiveCfg = Debug|x64
		{56C14827-EBAC-41A6-9136-30FC2BA83E48}.Debug|x64.Build.0 = Debug|x64
		{56C14827-EBAC-41A6-9136-30FC2BA83E48}.Debug|x86.ActiveCfg = Debug|Win32
		{56C14827-EBAC-41A6-9136-30FC2BA83E48}.Debug|x86.Build.0 = Debug|Win32
		{56C14827-EBAC-41A6-9136-30FC2BA83E48}.Release|x64.ActiveCfg = Release|x64
		{56C14827-EBAC-41A6-9136-30FC2BA83E48}.Release|x64.Build.0 = Release|x64
		{56C14827-EBAC-41A6-9136-30FC2BA83E48}.Release|x86.ActiveCfg = Release|Win32
		{56C14827-EBAC-41A6-9136-30FC2BA83E48}.Release|x86.Build.0 = Release|Win32
		{B18C8F5D-113D-41F6-81F0-B8A8FF65AEAE}.Debug|x64.ActiveCfg = Debug|x64
		{B18C8F5D-113D-41F6-81F0-B8A8FF65AEAE}.Debug|x64.Build.0 = Debug|x64
		{B18C8F5D-113D-41F6-81F0-B8A8FF65AEAE}.Debug|x86.ActiveCfg = Debug|Win32
		{B18C8F5D-113D-41F6-81F0-B8A8FF65AEAE}.Debug|x86.Build.0 = Debug|Win32
		{B18C8F5D-113D-41F6-81F0-B8A8FF65AEAE}.Release|x64.ActiveCfg = Release|x64
		{B18C8F5D-113D-41F6-81F0-B8A8FF65AEAE}.Release|x64.Build.0 = Release|x64
		{B18C8F5D-113D-41F6-81F0-B8A8FF65AEAE}.Release|x86.ActiveCfg = Release|Win32
		{B18C8F5D-113D-41F6-81F0-B8A8FF65AEAE}.Release|x86.Build.0 = Release|Win32
	EndGlobalSection
	GlobalSection(SolutionProperties) = preSolution
		HideSolutionNode = FALSE
	EndGlobalSection
	GlobalSection(ExtensibilityGlobals) = postSolution
		SolutionGuid = {4B2A23E9-41B7-4324-980C-6A41148CFC03}
	EndGlobalSection
EndGlobal
